
Microsoft Visual Studio Solution File, Format Version 12.00
# Visual Studio Version 16
VisualStudioVersion = 16.0.30114.105
MinimumVisualStudioVersion = 10.0.40219.1
Project("{FAE04EC0-301F-11D3-BF4B-00C04F79EFBC}") = "TTT_Map_Frontend", "TTT_Map_Frontend.csproj", "{D2C104C1-848E-4A68-A344-B7B583F23E5B}"
EndProject
Global
	GlobalSection(SolutionConfigurationPlatforms) = preSolution
		Debug|Any CPU = Debug|Any CPU
		Release|Any CPU = Release|Any CPU
	EndGlobalSection
	GlobalSection(ProjectConfigurationPlatforms) = postSolution
		{D2C104C1-848E-4A68-A344-B7B583F23E5B}.Debug|Any CPU.ActiveCfg = Debug|Any CPU
		{D2C104C1-848E-4A68-A344-B7B583F23E5B}.Debug|Any CPU.Build.0 = Debug|Any CPU
		{D2C104C1-848E-4A68-A344-B7B583F23E5B}.Release|Any CPU.ActiveCfg = Release|Any CPU
		{D2C104C1-848E-4A68-A344-B7B583F23E5B}.Release|Any CPU.Build.0 = Release|Any CPU
	EndGlobalSection
	GlobalSection(SolutionProperties) = preSolution
		HideSolutionNode = FALSE
	EndGlobalSection
	GlobalSection(ExtensibilityGlobals) = postSolution
		SolutionGuid = {AB38C176-9AD2-48D0-95E3-4027F4F69932}
	EndGlobalSection
EndGlobal
